
Microsoft Visual Studio Solution File, Format Version 12.00
# Visual Studio 15
VisualStudioVersion = 15.0.26430.16
MinimumVisualStudioVersion = 10.0.40219.1
Project("{FAE04EC0-301F-11D3-BF4B-00C04F79EFBC}") = "NChronicle.Core", "NChronicle.Core.csproj", "{EB62629E-D250-47CB-81F6-7493244583BC}"
EndProject
Project("{2150E333-8FDC-42A3-9474-1A3956D46DE8}") = "Wiki", "Wiki", "{9E00CCD6-1198-45DE-85BE-64C7F8C19DEF}"
EndProject
Project("{7CF6DF6D-3B04-46F8-A40B-537D21BCA0B4}") = "NChronicle.Core", "NChronicle.Core.shfbproj", "{43BD469C-FFD9-4C4D-8E03-C567B9FECFEF}"
EndProject
Global
	GlobalSection(SolutionConfigurationPlatforms) = preSolution
		Debug|Any CPU = Debug|Any CPU
		Release|Any CPU = Release|Any CPU
	EndGlobalSection
	GlobalSection(ProjectConfigurationPlatforms) = postSolution
		{EB62629E-D250-47CB-81F6-7493244583BC}.Debug|Any CPU.ActiveCfg = Debug|Any CPU
		{EB62629E-D250-47CB-81F6-7493244583BC}.Debug|Any CPU.Build.0 = Debug|Any CPU
		{EB62629E-D250-47CB-81F6-7493244583BC}.Release|Any CPU.ActiveCfg = Release|Any CPU
		{EB62629E-D250-47CB-81F6-7493244583BC}.Release|Any CPU.Build.0 = Release|Any CPU
		{43BD469C-FFD9-4C4D-8E03-C567B9FECFEF}.Debug|Any CPU.ActiveCfg = Debug|Any CPU
		{43BD469C-FFD9-4C4D-8E03-C567B9FECFEF}.Debug|Any CPU.Build.0 = Debug|Any CPU
		{43BD469C-FFD9-4C4D-8E03-C567B9FECFEF}.Release|Any CPU.ActiveCfg = Release|Any CPU
		{43BD469C-FFD9-4C4D-8E03-C567B9FECFEF}.Release|Any CPU.Build.0 = Release|Any CPU
	EndGlobalSection
	GlobalSection(SolutionProperties) = preSolution
		HideSolutionNode = FALSE
	EndGlobalSection
	GlobalSection(NestedProjects) = preSolution
		{43BD469C-FFD9-4C4D-8E03-C567B9FECFEF} = {9E00CCD6-1198-45DE-85BE-64C7F8C19DEF}
	EndGlobalSection
EndGlobal
