
Microsoft Visual Studio Solution File, Format Version 12.00
# Visual Studio Version 16
VisualStudioVersion = 16.0.28803.156
MinimumVisualStudioVersion = 10.0.40219.1
Project("{2150E333-8FDC-42A3-9474-1A3956D46DE8}") = "Meta", "Meta", "{9E00CCD6-1198-45DE-85BE-64C7F8C19DEF}"
	ProjectSection(SolutionItems) = preProject
		.gitlab-ci.yml = .gitlab-ci.yml
	EndProjectSection
EndProject
Project("{9A19103F-16F7-4668-BE54-9A1E7A4F7556}") = "NChronicle.Core", "NChronicle.Core.csproj", "{1E6775D7-E18D-4CF8-8B0B-8BCCBD77BF23}"
EndProject
Global
	GlobalSection(SolutionConfigurationPlatforms) = preSolution
		Debug|Any CPU = Debug|Any CPU
		Release|Any CPU = Release|Any CPU
	EndGlobalSection
	GlobalSection(ProjectConfigurationPlatforms) = postSolution
		{1E6775D7-E18D-4CF8-8B0B-8BCCBD77BF23}.Debug|Any CPU.ActiveCfg = Debug|Any CPU
		{1E6775D7-E18D-4CF8-8B0B-8BCCBD77BF23}.Debug|Any CPU.Build.0 = Debug|Any CPU
		{1E6775D7-E18D-4CF8-8B0B-8BCCBD77BF23}.Release|Any CPU.ActiveCfg = Release|Any CPU
		{1E6775D7-E18D-4CF8-8B0B-8BCCBD77BF23}.Release|Any CPU.Build.0 = Release|Any CPU
	EndGlobalSection
	GlobalSection(SolutionProperties) = preSolution
		HideSolutionNode = FALSE
	EndGlobalSection
	GlobalSection(ExtensibilityGlobals) = postSolution
		SolutionGuid = {EEF832B9-2959-4AD5-9191-A59DA47DEA02}
	EndGlobalSection
EndGlobal
