Microsoft Visual Studio Solution File, Format Version 12.00
# Visual Studio 14
VisualStudioVersion = 14.0.25123.0
MinimumVisualStudioVersion = 10.0.40219.1
Project("{FAE04EC0-301F-11D3-BF4B-00C04F79EFBC}") = "NChronicle.TestConsole", "NChronicle.TestConsole\NChronicle.TestConsole.csproj", "{1FE81B6F-309A-430C-97F5-47B7B227B778}"
EndProject
Project("{FAE04EC0-301F-11D3-BF4B-00C04F79EFBC}") = "NChronicle.Console", "NChronicle.Console\NChronicle.Console.csproj", "{6908522A-FDD9-450E-9BC9-C3D8FF59540D}"
EndProject
Project("{FAE04EC0-301F-11D3-BF4B-00C04F79EFBC}") = "NChronicle.Core", "NChronicle.Core\NChronicle.Core.csproj", "{EB62629E-D250-47CB-81F6-7493244583BC}"
EndProject
Project("{2150E333-8FDC-42A3-9474-1A3956D46DE8}") = "Library", "Library", "{78C89312-E951-4264-914D-1BD1845BADFA}"
EndProject
Project("{2150E333-8FDC-42A3-9474-1A3956D46DE8}") = "Documentation", "Documentation", "{742C7262-9531-403C-8E8D-0CAA9497C4E1}"
EndProject
Project("{7CF6DF6D-3B04-46F8-A40B-537D21BCA0B4}") = "NChronicle.Console", "NChronicle.Console\NChronicle.Console.shfbproj", "{42AA9722-20DF-4E5C-B051-ECCB360461D8}"
EndProject
Project("{7CF6DF6D-3B04-46F8-A40B-537D21BCA0B4}") = "NChronicle.Core", "NChronicle.Core\NChronicle.Core.shfbproj", "{43BD469C-FFD9-4C4D-8E03-C567B9FECFEF}"
EndProject
Project("{2150E333-8FDC-42A3-9474-1A3956D46DE8}") = "Solution Items", "Solution Items", "{58403A1B-9253-4746-B160-450D383DEF97}"
	ProjectSection(SolutionItems) = preProject
		Release steps.txt = Release steps.txt
	EndProjectSection
EndProject
Project("{FAE04EC0-301F-11D3-BF4B-00C04F79EFBC}") = "NChronicle.File", "NChronicle.File\NChronicle.File.csproj", "{5CCFB68D-D230-48AA-9DDC-BCE65BA8EC87}"
EndProject
Project("{7CF6DF6D-3B04-46F8-A40B-537D21BCA0B4}") = "NChronicle.File", "NChronicle.File\NChronicle.File.shfbproj", "{7D4D4587-76D5-4F06-980A-E9505DFCA7B6}"
EndProject
Project("{2150E333-8FDC-42A3-9474-1A3956D46DE8}") = "Scripts", "Scripts", "{E1143494-DCEF-4C65-B7AB-75F2B6FC7060}"
	ProjectSection(SolutionItems) = preProject
		Scripts\RewriteMdLinks.ps1 = Scripts\RewriteMdLinks.ps1
	EndProjectSection
EndProject
Project("{2150E333-8FDC-42A3-9474-1A3956D46DE8}") = "NuSpecs", "NuSpecs", "{311CD567-704E-4A21-9CC9-521E619B1649}"
	ProjectSection(SolutionItems) = preProject
		NChronicle.Console\NChronicle.Console.nuspec = NChronicle.Console\NChronicle.Console.nuspec
		NChronicle.Core\NChronicle.Core.nuspec = NChronicle.Core\NChronicle.Core.nuspec
		NChronicle.File\NChronicle.File.nuspec = NChronicle.File\NChronicle.File.nuspec
		NChronicle.SMTP\NChronicle.SMTP.nuspec = NChronicle.SMTP\NChronicle.SMTP.nuspec
	EndProjectSection
EndProject
Project("{7CF6DF6D-3B04-46F8-A40B-537D21BCA0B4}") = "NChronicle.SMTP", "NChronicle.SMTP\NChronicle.SMTP.shfbproj", "{60CA6C73-FE06-4BF8-87E2-86A70AFDF7AC}"
EndProject
Project("{FAE04EC0-301F-11D3-BF4B-00C04F79EFBC}") = "NChronicle.SMTP", "NChronicle.SMTP\NChronicle.SMTP.csproj", "{9DB05077-5BFC-495A-B7FB-9B01C153CDC6}"
EndProject
Global
	GlobalSection(SolutionConfigurationPlatforms) = preSolution
		Debug|Any CPU = Debug|Any CPU
		Release|Any CPU = Release|Any CPU
	EndGlobalSection
	GlobalSection(ProjectConfigurationPlatforms) = postSolution
		{1FE81B6F-309A-430C-97F5-47B7B227B778}.Debug|Any CPU.ActiveCfg = Debug|Any CPU
		{1FE81B6F-309A-430C-97F5-47B7B227B778}.Debug|Any CPU.Build.0 = Debug|Any CPU
		{1FE81B6F-309A-430C-97F5-47B7B227B778}.Release|Any CPU.ActiveCfg = Release|Any CPU
		{1FE81B6F-309A-430C-97F5-47B7B227B778}.Release|Any CPU.Build.0 = Release|Any CPU
		{6908522A-FDD9-450E-9BC9-C3D8FF59540D}.Debug|Any CPU.ActiveCfg = Debug|Any CPU
		{6908522A-FDD9-450E-9BC9-C3D8FF59540D}.Debug|Any CPU.Build.0 = Debug|Any CPU
		{6908522A-FDD9-450E-9BC9-C3D8FF59540D}.Release|Any CPU.ActiveCfg = Release|Any CPU
		{6908522A-FDD9-450E-9BC9-C3D8FF59540D}.Release|Any CPU.Build.0 = Release|Any CPU
		{EB62629E-D250-47CB-81F6-7493244583BC}.Debug|Any CPU.ActiveCfg = Debug|Any CPU
		{EB62629E-D250-47CB-81F6-7493244583BC}.Debug|Any CPU.Build.0 = Debug|Any CPU
		{EB62629E-D250-47CB-81F6-7493244583BC}.Release|Any CPU.ActiveCfg = Release|Any CPU
		{EB62629E-D250-47CB-81F6-7493244583BC}.Release|Any CPU.Build.0 = Release|Any CPU
		{42AA9722-20DF-4E5C-B051-ECCB360461D8}.Debug|Any CPU.ActiveCfg = Debug|Any CPU
		{42AA9722-20DF-4E5C-B051-ECCB360461D8}.Debug|Any CPU.Build.0 = Debug|Any CPU
		{42AA9722-20DF-4E5C-B051-ECCB360461D8}.Release|Any CPU.ActiveCfg = Release|Any CPU
		{42AA9722-20DF-4E5C-B051-ECCB360461D8}.Release|Any CPU.Build.0 = Release|Any CPU
		{43BD469C-FFD9-4C4D-8E03-C567B9FECFEF}.Debug|Any CPU.ActiveCfg = Debug|Any CPU
		{43BD469C-FFD9-4C4D-8E03-C567B9FECFEF}.Debug|Any CPU.Build.0 = Debug|Any CPU
		{43BD469C-FFD9-4C4D-8E03-C567B9FECFEF}.Release|Any CPU.ActiveCfg = Release|Any CPU
		{43BD469C-FFD9-4C4D-8E03-C567B9FECFEF}.Release|Any CPU.Build.0 = Release|Any CPU
		{5CCFB68D-D230-48AA-9DDC-BCE65BA8EC87}.Debug|Any CPU.ActiveCfg = Debug|Any CPU
		{5CCFB68D-D230-48AA-9DDC-BCE65BA8EC87}.Debug|Any CPU.Build.0 = Debug|Any CPU
		{5CCFB68D-D230-48AA-9DDC-BCE65BA8EC87}.Release|Any CPU.ActiveCfg = Release|Any CPU
		{5CCFB68D-D230-48AA-9DDC-BCE65BA8EC87}.Release|Any CPU.Build.0 = Release|Any CPU
		{7D4D4587-76D5-4F06-980A-E9505DFCA7B6}.Debug|Any CPU.ActiveCfg = Debug|Any CPU
		{7D4D4587-76D5-4F06-980A-E9505DFCA7B6}.Debug|Any CPU.Build.0 = Debug|Any CPU
		{7D4D4587-76D5-4F06-980A-E9505DFCA7B6}.Release|Any CPU.ActiveCfg = Release|Any CPU
		{7D4D4587-76D5-4F06-980A-E9505DFCA7B6}.Release|Any CPU.Build.0 = Release|Any CPU
		{60CA6C73-FE06-4BF8-87E2-86A70AFDF7AC}.Debug|Any CPU.ActiveCfg = Debug|Any CPU
		{60CA6C73-FE06-4BF8-87E2-86A70AFDF7AC}.Debug|Any CPU.Build.0 = Debug|Any CPU
		{60CA6C73-FE06-4BF8-87E2-86A70AFDF7AC}.Release|Any CPU.ActiveCfg = Release|Any CPU
		{60CA6C73-FE06-4BF8-87E2-86A70AFDF7AC}.Release|Any CPU.Build.0 = Release|Any CPU
		{9DB05077-5BFC-495A-B7FB-9B01C153CDC6}.Debug|Any CPU.ActiveCfg = Debug|Any CPU
		{9DB05077-5BFC-495A-B7FB-9B01C153CDC6}.Debug|Any CPU.Build.0 = Debug|Any CPU
		{9DB05077-5BFC-495A-B7FB-9B01C153CDC6}.Release|Any CPU.ActiveCfg = Release|Any CPU
		{9DB05077-5BFC-495A-B7FB-9B01C153CDC6}.Release|Any CPU.Build.0 = Release|Any CPU
	EndGlobalSection
	GlobalSection(SolutionProperties) = preSolution
		HideSolutionNode = FALSE
	EndGlobalSection
	GlobalSection(NestedProjects) = preSolution
		{6908522A-FDD9-450E-9BC9-C3D8FF59540D} = {78C89312-E951-4264-914D-1BD1845BADFA}
		{EB62629E-D250-47CB-81F6-7493244583BC} = {78C89312-E951-4264-914D-1BD1845BADFA}
		{42AA9722-20DF-4E5C-B051-ECCB360461D8} = {742C7262-9531-403C-8E8D-0CAA9497C4E1}
		{43BD469C-FFD9-4C4D-8E03-C567B9FECFEF} = {742C7262-9531-403C-8E8D-0CAA9497C4E1}
		{5CCFB68D-D230-48AA-9DDC-BCE65BA8EC87} = {78C89312-E951-4264-914D-1BD1845BADFA}
		{7D4D4587-76D5-4F06-980A-E9505DFCA7B6} = {742C7262-9531-403C-8E8D-0CAA9497C4E1}
		{60CA6C73-FE06-4BF8-87E2-86A70AFDF7AC} = {742C7262-9531-403C-8E8D-0CAA9497C4E1}
		{9DB05077-5BFC-495A-B7FB-9B01C153CDC6} = {78C89312-E951-4264-914D-1BD1845BADFA}
	EndGlobalSection
EndGlobal
