
Microsoft Visual Studio Solution File, Format Version 12.00
# Visual Studio 14
VisualStudioVersion = 14.0.25123.0
MinimumVisualStudioVersion = 10.0.40219.1
Project("{FAE04EC0-301F-11D3-BF4B-00C04F79EFBC}") = "NChronicle.Live", "NChronicle.SDK\NChronicle.Live.csproj", "{7EF81D51-1749-4313-BCD3-00A860BC3800}"
EndProject
Project("{FAE04EC0-301F-11D3-BF4B-00C04F79EFBC}") = "NChronicle.API", "NChronicle.API\NChronicle.API.csproj", "{FAF76FCB-ACE7-4904-841A-40C9248A9076}"
EndProject
Project("{FAE04EC0-301F-11D3-BF4B-00C04F79EFBC}") = "NChronicle.TestConsole", "NChronicle.TestConsole\NChronicle.TestConsole.csproj", "{1FE81B6F-309A-430C-97F5-47B7B227B778}"
EndProject
Project("{FAE04EC0-301F-11D3-BF4B-00C04F79EFBC}") = "NChronicle.Console", "NChronicle.Model\NChronicle.Console.csproj", "{6908522A-FDD9-450E-9BC9-C3D8FF59540D}"
EndProject
Project("{FAE04EC0-301F-11D3-BF4B-00C04F79EFBC}") = "NChronicle.Core", "NChronicle.Interface\NChronicle.Core.csproj", "{EB62629E-D250-47CB-81F6-7493244583BC}"
EndProject
Global
	GlobalSection(SolutionConfigurationPlatforms) = preSolution
		Debug|Any CPU = Debug|Any CPU
		Release|Any CPU = Release|Any CPU
	EndGlobalSection
	GlobalSection(ProjectConfigurationPlatforms) = postSolution
		{7EF81D51-1749-4313-BCD3-00A860BC3800}.Debug|Any CPU.ActiveCfg = Debug|Any CPU
		{7EF81D51-1749-4313-BCD3-00A860BC3800}.Debug|Any CPU.Build.0 = Debug|Any CPU
		{7EF81D51-1749-4313-BCD3-00A860BC3800}.Release|Any CPU.ActiveCfg = Release|Any CPU
		{7EF81D51-1749-4313-BCD3-00A860BC3800}.Release|Any CPU.Build.0 = Release|Any CPU
		{FAF76FCB-ACE7-4904-841A-40C9248A9076}.Debug|Any CPU.ActiveCfg = Debug|Any CPU
		{FAF76FCB-ACE7-4904-841A-40C9248A9076}.Debug|Any CPU.Build.0 = Debug|Any CPU
		{FAF76FCB-ACE7-4904-841A-40C9248A9076}.Release|Any CPU.ActiveCfg = Release|Any CPU
		{FAF76FCB-ACE7-4904-841A-40C9248A9076}.Release|Any CPU.Build.0 = Release|Any CPU
		{1FE81B6F-309A-430C-97F5-47B7B227B778}.Debug|Any CPU.ActiveCfg = Debug|Any CPU
		{1FE81B6F-309A-430C-97F5-47B7B227B778}.Debug|Any CPU.Build.0 = Debug|Any CPU
		{1FE81B6F-309A-430C-97F5-47B7B227B778}.Release|Any CPU.ActiveCfg = Release|Any CPU
		{1FE81B6F-309A-430C-97F5-47B7B227B778}.Release|Any CPU.Build.0 = Release|Any CPU
		{6908522A-FDD9-450E-9BC9-C3D8FF59540D}.Debug|Any CPU.ActiveCfg = Debug|Any CPU
		{6908522A-FDD9-450E-9BC9-C3D8FF59540D}.Debug|Any CPU.Build.0 = Debug|Any CPU
		{6908522A-FDD9-450E-9BC9-C3D8FF59540D}.Release|Any CPU.ActiveCfg = Release|Any CPU
		{6908522A-FDD9-450E-9BC9-C3D8FF59540D}.Release|Any CPU.Build.0 = Release|Any CPU
		{EB62629E-D250-47CB-81F6-7493244583BC}.Debug|Any CPU.ActiveCfg = Debug|Any CPU
		{EB62629E-D250-47CB-81F6-7493244583BC}.Debug|Any CPU.Build.0 = Debug|Any CPU
		{EB62629E-D250-47CB-81F6-7493244583BC}.Release|Any CPU.ActiveCfg = Release|Any CPU
		{EB62629E-D250-47CB-81F6-7493244583BC}.Release|Any CPU.Build.0 = Release|Any CPU
	EndGlobalSection
	GlobalSection(SolutionProperties) = preSolution
		HideSolutionNode = FALSE
	EndGlobalSection
EndGlobal
